
Microsoft Visual Studio Solution File, Format Version 12.00
# Visual Studio Version 16
VisualStudioVersion = 16.0.29905.134
MinimumVisualStudioVersion = 10.0.40219.1
Project("{9A19103F-16F7-4668-BE54-9A1E7A4F7556}") = "HelpMyStreet.Utils", "HelpMyStreet.Utils\HelpMyStreet.Utils.csproj", "{16EB0369-C3E5-45D7-AAF6-1F19951627E2}"
EndProject
Project("{9A19103F-16F7-4668-BE54-9A1E7A4F7556}") = "HelpMyStreet.Contracts", "HelpMyStreet.Contracts\HelpMyStreet.Contracts.csproj", "{E8F3B33C-1F71-47E7-97C1-8D27080416F0}"
EndProject
Project("{9A19103F-16F7-4668-BE54-9A1E7A4F7556}") = "HelpMyStreet.UnitTests", "HelpMyStreet.UnitTests\HelpMyStreet.UnitTests.csproj", "{07D20E44-6F2F-41EF-88D7-AA9C58F577C6}"
EndProject
Project("{9A19103F-16F7-4668-BE54-9A1E7A4F7556}") = "HelpMyStreet.Cache", "HelpMyStreet.Cache\HelpMyStreet.Cache.csproj", "{B4B9FBA0-177A-445D-A05F-94F1293D369C}"
EndProject
Project("{9A19103F-16F7-4668-BE54-9A1E7A4F7556}") = "HelpMyStreet.PostcodeCoordinates.EF", "HelpMyStreet.PostcodeCoordinates.EF\HelpMyStreet.PostcodeCoordinates.EF.csproj", "{7CF9B065-94A2-46CD-AFAF-73C49A62B577}"
EndProject
Global
	GlobalSection(SolutionConfigurationPlatforms) = preSolution
		Debug|Any CPU = Debug|Any CPU
		Release|Any CPU = Release|Any CPU
	EndGlobalSection
	GlobalSection(ProjectConfigurationPlatforms) = postSolution
		{16EB0369-C3E5-45D7-AAF6-1F19951627E2}.Debug|Any CPU.ActiveCfg = Debug|Any CPU
		{16EB0369-C3E5-45D7-AAF6-1F19951627E2}.Debug|Any CPU.Build.0 = Debug|Any CPU
		{16EB0369-C3E5-45D7-AAF6-1F19951627E2}.Release|Any CPU.ActiveCfg = Release|Any CPU
		{16EB0369-C3E5-45D7-AAF6-1F19951627E2}.Release|Any CPU.Build.0 = Release|Any CPU
		{E8F3B33C-1F71-47E7-97C1-8D27080416F0}.Debug|Any CPU.ActiveCfg = Debug|Any CPU
		{E8F3B33C-1F71-47E7-97C1-8D27080416F0}.Debug|Any CPU.Build.0 = Debug|Any CPU
		{E8F3B33C-1F71-47E7-97C1-8D27080416F0}.Release|Any CPU.ActiveCfg = Release|Any CPU
		{E8F3B33C-1F71-47E7-97C1-8D27080416F0}.Release|Any CPU.Build.0 = Release|Any CPU
		{07D20E44-6F2F-41EF-88D7-AA9C58F577C6}.Debug|Any CPU.ActiveCfg = Debug|Any CPU
		{07D20E44-6F2F-41EF-88D7-AA9C58F577C6}.Debug|Any CPU.Build.0 = Debug|Any CPU
		{07D20E44-6F2F-41EF-88D7-AA9C58F577C6}.Release|Any CPU.ActiveCfg = Release|Any CPU
		{07D20E44-6F2F-41EF-88D7-AA9C58F577C6}.Release|Any CPU.Build.0 = Release|Any CPU
		{B4B9FBA0-177A-445D-A05F-94F1293D369C}.Debug|Any CPU.ActiveCfg = Debug|Any CPU
		{B4B9FBA0-177A-445D-A05F-94F1293D369C}.Debug|Any CPU.Build.0 = Debug|Any CPU
		{B4B9FBA0-177A-445D-A05F-94F1293D369C}.Release|Any CPU.ActiveCfg = Release|Any CPU
		{B4B9FBA0-177A-445D-A05F-94F1293D369C}.Release|Any CPU.Build.0 = Release|Any CPU
		{7CF9B065-94A2-46CD-AFAF-73C49A62B577}.Debug|Any CPU.ActiveCfg = Debug|Any CPU
		{7CF9B065-94A2-46CD-AFAF-73C49A62B577}.Debug|Any CPU.Build.0 = Debug|Any CPU
		{7CF9B065-94A2-46CD-AFAF-73C49A62B577}.Release|Any CPU.ActiveCfg = Release|Any CPU
		{7CF9B065-94A2-46CD-AFAF-73C49A62B577}.Release|Any CPU.Build.0 = Release|Any CPU
	EndGlobalSection
	GlobalSection(SolutionProperties) = preSolution
		HideSolutionNode = FALSE
	EndGlobalSection
	GlobalSection(ExtensibilityGlobals) = postSolution
		SolutionGuid = {63175100-165A-4ED3-986B-D5E2F38D9494}
	EndGlobalSection
EndGlobal
